
Microsoft Visual Studio Solution File, Format Version 12.00
# Visual Studio 2013
VisualStudioVersion = 12.0.21005.1
MinimumVisualStudioVersion = 10.0.40219.1
Project("{FAE04EC0-301F-11D3-BF4B-00C04F79EFBC}") = "OnlineShop", "OnlineShop\OnlineShop.csproj", "{B4EE8BCC-2D91-43F3-9C5A-DC672C8D06B2}"
EndProject
Project("{FAE04EC0-301F-11D3-BF4B-00C04F79EFBC}") = "DAL", "DAL\DAL.csproj", "{97B75C80-D95E-4131-A787-F334F708CA9E}"
EndProject
Project("{FAE04EC0-301F-11D3-BF4B-00C04F79EFBC}") = "Model", "Model\Model.csproj", "{E1380515-0F89-46A7-96F2-F847E3638809}"
EndProject
Project("{FAE04EC0-301F-11D3-BF4B-00C04F79EFBC}") = "Lib", "Lib\Lib.csproj", "{34ACF3C7-C481-41FE-B9E5-7AF32FFF01E8}"
EndProject
Global
	GlobalSection(SolutionConfigurationPlatforms) = preSolution
		Debug|Any CPU = Debug|Any CPU
		Release|Any CPU = Release|Any CPU
	EndGlobalSection
	GlobalSection(ProjectConfigurationPlatforms) = postSolution
		{B4EE8BCC-2D91-43F3-9C5A-DC672C8D06B2}.Debug|Any CPU.ActiveCfg = Debug|Any CPU
		{B4EE8BCC-2D91-43F3-9C5A-DC672C8D06B2}.Debug|Any CPU.Build.0 = Debug|Any CPU
		{B4EE8BCC-2D91-43F3-9C5A-DC672C8D06B2}.Release|Any CPU.ActiveCfg = Release|Any CPU
		{B4EE8BCC-2D91-43F3-9C5A-DC672C8D06B2}.Release|Any CPU.Build.0 = Release|Any CPU
		{97B75C80-D95E-4131-A787-F334F708CA9E}.Debug|Any CPU.ActiveCfg = Debug|Any CPU
		{97B75C80-D95E-4131-A787-F334F708CA9E}.Debug|Any CPU.Build.0 = Debug|Any CPU
		{97B75C80-D95E-4131-A787-F334F708CA9E}.Release|Any CPU.ActiveCfg = Release|Any CPU
		{97B75C80-D95E-4131-A787-F334F708CA9E}.Release|Any CPU.Build.0 = Release|Any CPU
		{E1380515-0F89-46A7-96F2-F847E3638809}.Debug|Any CPU.ActiveCfg = Debug|Any CPU
		{E1380515-0F89-46A7-96F2-F847E3638809}.Debug|Any CPU.Build.0 = Debug|Any CPU
		{E1380515-0F89-46A7-96F2-F847E3638809}.Release|Any CPU.ActiveCfg = Release|Any CPU
		{E1380515-0F89-46A7-96F2-F847E3638809}.Release|Any CPU.Build.0 = Release|Any CPU
		{34ACF3C7-C481-41FE-B9E5-7AF32FFF01E8}.Debug|Any CPU.ActiveCfg = Debug|Any CPU
		{34ACF3C7-C481-41FE-B9E5-7AF32FFF01E8}.Debug|Any CPU.Build.0 = Debug|Any CPU
		{34ACF3C7-C481-41FE-B9E5-7AF32FFF01E8}.Release|Any CPU.ActiveCfg = Release|Any CPU
		{34ACF3C7-C481-41FE-B9E5-7AF32FFF01E8}.Release|Any CPU.Build.0 = Release|Any CPU
	EndGlobalSection
	GlobalSection(SolutionProperties) = preSolution
		HideSolutionNode = FALSE
	EndGlobalSection
EndGlobal
